dependencies:
- name: subchart
  repository: file://../subchart
  version: 0.1.0
- name: mongodb
  repository: https://charts.bitnami.com/bitnami
  version: 10.10.1
- name: wordpress
  repository: https://charts.bitnami.com/bitnami
  version: 11.1.5
digest: sha256:9979cc52f563fc8a7c895d58b46de2ec7b3edbe2da792542907e2659a810d408
generated: "2022-06-02T01:43:23.611652154-07:00"
