dependencies:
- name: subchart
  repository: file://../subchart
  version: 0.1.0
- name: mongodb
  repository: https://charts.bitnami.com/bitnami
  version: 10.31.5
- name: wordpress
  repository: https://charts.bitnami.com/bitnami
  version: 14.3.2
digest: sha256:7f255d22bbea1b266c9e6ac73b8163f4c77998af503ca15a8b5bb6906796cceb
generated: "2022-06-02T03:03:51.486352638-07:00"
